
Microsoft Visual Studio Solution File, Format Version 12.00
# Visual Studio Version 16
VisualStudioVersion = 16.0.30413.136
MinimumVisualStudioVersion = 10.0.40219.1
Project("{FAE04EC0-301F-11D3-BF4B-00C04F79EFBC}") = "Cliente3", "Cliente3\Cliente3.csproj", "{6C62943D-A45B-41DB-838E-33E76C9AE85D}"
EndProject
Global
	GlobalSection(SolutionConfigurationPlatforms) = preSolution
		Debug|Any CPU = Debug|Any CPU
		Release|Any CPU = Release|Any CPU
	EndGlobalSection
	GlobalSection(ProjectConfigurationPlatforms) = postSolution
		{6C62943D-A45B-41DB-838E-33E76C9AE85D}.Debug|Any CPU.ActiveCfg = Debug|Any CPU
		{6C62943D-A45B-41DB-838E-33E76C9AE85D}.Debug|Any CPU.Build.0 = Debug|Any CPU
		{6C62943D-A45B-41DB-838E-33E76C9AE85D}.Release|Any CPU.ActiveCfg = Release|Any CPU
		{6C62943D-A45B-41DB-838E-33E76C9AE85D}.Release|Any CPU.Build.0 = Release|Any CPU
	EndGlobalSection
	GlobalSection(SolutionProperties) = preSolution
		HideSolutionNode = FALSE
	EndGlobalSection
	GlobalSection(ExtensibilityGlobals) = postSolution
		SolutionGuid = {2FDB56A6-BC4F-4D19-97CB-AA2D3FB807D4}
	EndGlobalSection
EndGlobal
